// !$*UTF8*$!
{
	archiveVersion = 1;
	classes = {
	};
	objectVersion = 54;
	objects = {

/* Begin PBXBuildFile section */
		00E356F31AD99517003FC87E /* IzzyAITests.m in Sources */ = {isa = PBXBuildFile; fileRef = 00E356F21AD99517003FC87E /* IzzyAITests.m */; };
		0C80B921A6F3F58F76C31292 /* libPods-IzzyAI.a in Frameworks */ = {isa = PBXBuildFile; fileRef = 5DCACB8F33CDC322A6C60F78 /* libPods-IzzyAI.a */; };
		13B07FBC1A68108700A75B9A /* AppDelegate.mm in Sources */ = {isa = PBXBuildFile; fileRef = 13B07FB01A68108700A75B9A /* AppDelegate.mm */; };
		13B07FBF1A68108700A75B9A /* Images.xcassets in Resources */ = {isa = PBXBuildFile; fileRef = 13B07FB51A68108700A75B9A /* Images.xcassets */; };
		13B07FC11A68108700A75B9A /* main.m in Sources */ = {isa = PBXBuildFile; fileRef = 13B07FB71A68108700A75B9A /* main.m */; };
		7699B88040F8A987B510C191 /* libPods-IzzyAI-IzzyAITests.a in Frameworks */ = {isa = PBXBuildFile; fileRef = 19F6CBCC0A4E27FBF8BF4A61 /* libPods-IzzyAI-IzzyAITests.a */; };
		81AB9BB82411601600AC10FF /* LaunchScreen.storyboard in Resources */ = {isa = PBXBuildFile; fileRef = 81AB9BB72411601600AC10FF /* LaunchScreen.storyboard */; };
		C47DCC046D5A4810AC4F42B4 /* SF-Pro-Text-SemiboldItalic.otf in Resources */ = {isa = PBXBuildFile; fileRef = CB916EC7D6B14B6AB68AED2C /* SF-Pro-Text-SemiboldItalic.otf */; };
		2B6CADEA0F6045F9B88A2305 /* SF-Pro-Display-Black.ttf in Resources */ = {isa = PBXBuildFile; fileRef = 0E8B9CFCB4644A158E8AA06D /* SF-Pro-Display-Black.ttf */; };
		3083920F849D4A64B4A9C96F /* SF-Pro-Display-BlackItalic.ttf in Resources */ = {isa = PBXBuildFile; fileRef = F3906068684445C28B939D50 /* SF-Pro-Display-BlackItalic.ttf */; };
		993FA17CA32E45268328A93C /* SF-Pro-Display-Bold.ttf in Resources */ = {isa = PBXBuildFile; fileRef = F3EEF7C711294406812462C1 /* SF-Pro-Display-Bold.ttf */; };
		E641AD79853441F2BFBAD693 /* SF-Pro-Display-BoldItalic.ttf in Resources */ = {isa = PBXBuildFile; fileRef = 79EF227582A2419AA5D36A0B /* SF-Pro-Display-BoldItalic.ttf */; };
		BC30CFC669BD4A44959A6602 /* SF-Pro-Display-Heavy.ttf in Resources */ = {isa = PBXBuildFile; fileRef = A239DDCBED6D4EADA62909C1 /* SF-Pro-Display-Heavy.ttf */; };
		63685F7411184BC9B87557BD /* SF-Pro-Display-HeavyItalic.ttf in Resources */ = {isa = PBXBuildFile; fileRef = 2C59AD39BA3C4A7AB27E4EE0 /* SF-Pro-Display-HeavyItalic.ttf */; };
		D18DD7A572F84DBE92B12F4D /* SF-Pro-Display-Light.ttf in Resources */ = {isa = PBXBuildFile; fileRef = 86BE273024D4408581FB1549 /* SF-Pro-Display-Light.ttf */; };
		06823ADC59C542CF9A7BAA22 /* SF-Pro-Display-LightItalic.ttf in Resources */ = {isa = PBXBuildFile; fileRef = 239101793D234C989D8F564F /* SF-Pro-Display-LightItalic.ttf */; };
		B9E19EBA10BB45AEADA6E563 /* SF-Pro-Display-Medium.ttf in Resources */ = {isa = PBXBuildFile; fileRef = 3EFF6C0B62BE4E38A6CB24C8 /* SF-Pro-Display-Medium.ttf */; };
		B33D3656F02D47779780CB6B /* SF-Pro-Display-MediumItalic.ttf in Resources */ = {isa = PBXBuildFile; fileRef = F937CB714CBE4B658164FF3E /* SF-Pro-Display-MediumItalic.ttf */; };
		4C20882C31F64DC98F378A75 /* SF-Pro-Display-Regular.ttf in Resources */ = {isa = PBXBuildFile; fileRef = A89A54C6C156441AA469969A /* SF-Pro-Display-Regular.ttf */; };
		081AD6E157E64A24AE4B47A6 /* SF-Pro-Display-Semibold.ttf in Resources */ = {isa = PBXBuildFile; fileRef = 633BFD114FA44A6BB4A6F1CC /* SF-Pro-Display-Semibold.ttf */; };
		6ED8CCFF153949DEA042882E /* SF-Pro-Display-SemiboldItalic.ttf in Resources */ = {isa = PBXBuildFile; fileRef = 9F4E9CF9EA944C54B08D22CD /* SF-Pro-Display-SemiboldItalic.ttf */; };
		9CA79121C89B4C1BB7928F27 /* SF-Pro-Display-Thin.ttf in Resources */ = {isa = PBXBuildFile; fileRef = DC833C45315E4504A9611C86 /* SF-Pro-Display-Thin.ttf */; };
		9B14D34E650E4BFABCE096F5 /* SF-Pro-Display-ThinItalic.ttf in Resources */ = {isa = PBXBuildFile; fileRef = 33CFEAC1160D4816B275EF74 /* SF-Pro-Display-ThinItalic.ttf */; };
		F9A8B0F57D5746108557018C /* SF-Pro-Display-Ultralight.ttf in Resources */ = {isa = PBXBuildFile; fileRef = FA8AD8BF51DE440FB0C27251 /* SF-Pro-Display-Ultralight.ttf */; };
		3A86EF5B228F4308A8D9495A /* SF-Pro-Display-UltralightItalic.ttf in Resources */ = {isa = PBXBuildFile; fileRef = 3FA1AAE0D56B4FE9BC6B2E59 /* SF-Pro-Display-UltralightItalic.ttf */; };
		2FECF6760FF641D1AC296E3F /* sf-pro-text-bold.ttf in Resources */ = {isa = PBXBuildFile; fileRef = 3D1E0F18E73E462A89973120 /* sf-pro-text-bold.ttf */; };
		F0F2EE2B61104361BA1471EC /* SF-Pro-Text-BoldItalic.ttf in Resources */ = {isa = PBXBuildFile; fileRef = 9C744BD4F23041AC91C1550C /* SF-Pro-Text-BoldItalic.ttf */; };
		25F25559C55247549ECD1AD5 /* sf-pro-text-heavy.ttf in Resources */ = {isa = PBXBuildFile; fileRef = 6E11A872AA784C089330D030 /* sf-pro-text-heavy.ttf */; };
		8F5FF8D6D2B344E6ABD4AEDA /* SF-Pro-Text-HeavyItalic.ttf in Resources */ = {isa = PBXBuildFile; fileRef = 0EE309EF529F4FF6B6BE6DB5 /* SF-Pro-Text-HeavyItalic.ttf */; };
		8D55BBB73BA74889B7CBAD60 /* sf-pro-text-light.ttf in Resources */ = {isa = PBXBuildFile; fileRef = 215C7D5DECD4444AA8650104 /* sf-pro-text-light.ttf */; };
		2C50F32214FC4EB0B8077469 /* SF-Pro-Text-LightItalic.ttf in Resources */ = {isa = PBXBuildFile; fileRef = 50D6E02D42404052925C367D /* SF-Pro-Text-LightItalic.ttf */; };
		28E3F9CCA64844BFA00DF17E /* sf-pro-text-medium.ttf in Resources */ = {isa = PBXBuildFile; fileRef = 9F8B67BA80904A3B8C93E6EB /* sf-pro-text-medium.ttf */; };
		31B386DA51134116B459054D /* SF-Pro-Text-MediumItalic.ttf in Resources */ = {isa = PBXBuildFile; fileRef = 1570FBFA80ED45F7B3195144 /* SF-Pro-Text-MediumItalic.ttf */; };
		CD902C988FCD43B99D3E4137 /* sf-pro-text-regular.ttf in Resources */ = {isa = PBXBuildFile; fileRef = 70A032AE4D2743C68F13E86E /* sf-pro-text-regular.ttf */; };
		1AC0F8982CFF42339989A328 /* SF-Pro-Text-RegularItalic.ttf in Resources */ = {isa = PBXBuildFile; fileRef = F2AC38B81ABA4D5D952E3D36 /* SF-Pro-Text-RegularItalic.ttf */; };
		E4777024E2F4406783564895 /* sf-pro-text-semibold.ttf in Resources */ = {isa = PBXBuildFile; fileRef = A7CFB0111470485A809102DE /* sf-pro-text-semibold.ttf */; };
		76A2D6026EC24719B9D24A2D /* SF-Pro-Text-SemiboldItalic.ttf in Resources */ = {isa = PBXBuildFile; fileRef = 629DE84A77E44968B279842E /* SF-Pro-Text-SemiboldItalic.ttf */; };
/* End PBXBuildFile section */

/* Begin PBXContainerItemProxy section */
		00E356F41AD99517003FC87E /* PBXContainerItemProxy */ = {
			isa = PBXContainerItemProxy;
			containerPortal = 83CBB9F71A601CBA00E9B192 /* Project object */;
			proxyType = 1;
			remoteGlobalIDString = 13B07F861A680F5B00A75B9A;
			remoteInfo = IzzyAI;
		};
/* End PBXContainerItemProxy section */

/* Begin PBXFileReference section */
		00E356EE1AD99517003FC87E /* IzzyAITests.xctest */ = {isa = PBXFileReference; explicitFileType = wrapper.cfbundle; includeInIndex = 0; path = IzzyAITests.xctest; sourceTree = BUILT_PRODUCTS_DIR; };
		00E356F11AD99517003FC87E /* Info.plist */ = {isa = PBXFileReference; lastKnownFileType = text.plist.xml; path = Info.plist; sourceTree = "<group>"; };
		00E356F21AD99517003FC87E /* IzzyAITests.m */ = {isa = PBXFileReference; lastKnownFileType = sourcecode.c.objc; path = IzzyAITests.m; sourceTree = "<group>"; };
		13B07F961A680F5B00A75B9A /* IzzyAI.app */ = {isa = PBXFileReference; explicitFileType = wrapper.application; includeInIndex = 0; path = IzzyAI.app; sourceTree = BUILT_PRODUCTS_DIR; };
		13B07FAF1A68108700A75B9A /* AppDelegate.h */ = {isa = PBXFileReference; fileEncoding = 4; lastKnownFileType = sourcecode.c.h; name = AppDelegate.h; path = IzzyAI/AppDelegate.h; sourceTree = "<group>"; };
		13B07FB01A68108700A75B9A /* AppDelegate.mm */ = {isa = PBXFileReference; fileEncoding = 4; lastKnownFileType = sourcecode.cpp.objcpp; name = AppDelegate.mm; path = IzzyAI/AppDelegate.mm; sourceTree = "<group>"; };
		13B07FB51A68108700A75B9A /* Images.xcassets */ = {isa = PBXFileReference; lastKnownFileType = folder.assetcatalog; name = Images.xcassets; path = IzzyAI/Images.xcassets; sourceTree = "<group>"; };
		13B07FB61A68108700A75B9A /* Info.plist */ = {isa = PBXFileReference; fileEncoding = 4; lastKnownFileType = text.plist.xml; name = Info.plist; path = IzzyAI/Info.plist; sourceTree = "<group>"; };
		13B07FB71A68108700A75B9A /* main.m */ = {isa = PBXFileReference; fileEncoding = 4; lastKnownFileType = sourcecode.c.objc; name = main.m; path = IzzyAI/main.m; sourceTree = "<group>"; };
		19F6CBCC0A4E27FBF8BF4A61 /* libPods-IzzyAI-IzzyAITests.a */ = {isa = PBXFileReference; explicitFileType = archive.ar; includeInIndex = 0; path = "libPods-IzzyAI-IzzyAITests.a"; sourceTree = BUILT_PRODUCTS_DIR; };
		3B4392A12AC88292D35C810B /* Pods-IzzyAI.debug.xcconfig */ = {isa = PBXFileReference; includeInIndex = 1; lastKnownFileType = text.xcconfig; name = "Pods-IzzyAI.debug.xcconfig"; path = "Target Support Files/Pods-IzzyAI/Pods-IzzyAI.debug.xcconfig"; sourceTree = "<group>"; };
		5709B34CF0A7D63546082F79 /* Pods-IzzyAI.release.xcconfig */ = {isa = PBXFileReference; includeInIndex = 1; lastKnownFileType = text.xcconfig; name = "Pods-IzzyAI.release.xcconfig"; path = "Target Support Files/Pods-IzzyAI/Pods-IzzyAI.release.xcconfig"; sourceTree = "<group>"; };
		5B7EB9410499542E8C5724F5 /* Pods-IzzyAI-IzzyAITests.debug.xcconfig */ = {isa = PBXFileReference; includeInIndex = 1; lastKnownFileType = text.xcconfig; name = "Pods-IzzyAI-IzzyAITests.debug.xcconfig"; path = "Target Support Files/Pods-IzzyAI-IzzyAITests/Pods-IzzyAI-IzzyAITests.debug.xcconfig"; sourceTree = "<group>"; };
		5DCACB8F33CDC322A6C60F78 /* libPods-IzzyAI.a */ = {isa = PBXFileReference; explicitFileType = archive.ar; includeInIndex = 0; path = "libPods-IzzyAI.a"; sourceTree = BUILT_PRODUCTS_DIR; };
		81AB9BB72411601600AC10FF /* LaunchScreen.storyboard */ = {isa = PBXFileReference; fileEncoding = 4; lastKnownFileType = file.storyboard; name = LaunchScreen.storyboard; path = IzzyAI/LaunchScreen.storyboard; sourceTree = "<group>"; };
		89C6BE57DB24E9ADA2F236DE /* Pods-IzzyAI-IzzyAITests.release.xcconfig */ = {isa = PBXFileReference; includeInIndex = 1; lastKnownFileType = text.xcconfig; name = "Pods-IzzyAI-IzzyAITests.release.xcconfig"; path = "Target Support Files/Pods-IzzyAI-IzzyAITests/Pods-IzzyAI-IzzyAITests.release.xcconfig"; sourceTree = "<group>"; };
		ED297162215061F000B7C4FE /* JavaScriptCore.framework */ = {isa = PBXFileReference; lastKnownFileType = wrapper.framework; name = JavaScriptCore.framework; path = System/Library/Frameworks/JavaScriptCore.framework; sourceTree = SDKROOT; };
		CB916EC7D6B14B6AB68AED2C /* SF-Pro-Text-SemiboldItalic.otf */ = {isa = PBXFileReference; name = "SF-Pro-Text-SemiboldItalic.otf"; path = "../assets/fonts/SF-Pro-Text-SemiboldItalic.otf"; sourceTree = "<group>"; fileEncoding = undefined; lastKnownFileType = unknown; explicitFileType = undefined; includeInIndex = 0; };
		0E8B9CFCB4644A158E8AA06D /* SF-Pro-Display-Black.ttf */ = {isa = PBXFileReference; name = "SF-Pro-Display-Black.ttf"; path = "../assets/fonts/SF-Pro-Display-Black.ttf"; sourceTree = "<group>"; fileEncoding = undefined; lastKnownFileType = unknown; explicitFileType = undefined; includeInIndex = 0; };
		F3906068684445C28B939D50 /* SF-Pro-Display-BlackItalic.ttf */ = {isa = PBXFileReference; name = "SF-Pro-Display-BlackItalic.ttf"; path = "../assets/fonts/SF-Pro-Display-BlackItalic.ttf"; sourceTree = "<group>"; fileEncoding = undefined; lastKnownFileType = unknown; explicitFileType = undefined; includeInIndex = 0; };
		F3EEF7C711294406812462C1 /* SF-Pro-Display-Bold.ttf */ = {isa = PBXFileReference; name = "SF-Pro-Display-Bold.ttf"; path = "../assets/fonts/SF-Pro-Display-Bold.ttf"; sourceTree = "<group>"; fileEncoding = undefined; lastKnownFileType = unknown; explicitFileType = undefined; includeInIndex = 0; };
		79EF227582A2419AA5D36A0B /* SF-Pro-Display-BoldItalic.ttf */ = {isa = PBXFileReference; name = "SF-Pro-Display-BoldItalic.ttf"; path = "../assets/fonts/SF-Pro-Display-BoldItalic.ttf"; sourceTree = "<group>"; fileEncoding = undefined; lastKnownFileType = unknown; explicitFileType = undefined; includeInIndex = 0; };
		A239DDCBED6D4EADA62909C1 /* SF-Pro-Display-Heavy.ttf */ = {isa = PBXFileReference; name = "SF-Pro-Display-Heavy.ttf"; path = "../assets/fonts/SF-Pro-Display-Heavy.ttf"; sourceTree = "<group>"; fileEncoding = undefined; lastKnownFileType = unknown; explicitFileType = undefined; includeInIndex = 0; };
		2C59AD39BA3C4A7AB27E4EE0 /* SF-Pro-Display-HeavyItalic.ttf */ = {isa = PBXFileReference; name = "SF-Pro-Display-HeavyItalic.ttf"; path = "../assets/fonts/SF-Pro-Display-HeavyItalic.ttf"; sourceTree = "<group>"; fileEncoding = undefined; lastKnownFileType = unknown; explicitFileType = undefined; includeInIndex = 0; };
		86BE273024D4408581FB1549 /* SF-Pro-Display-Light.ttf */ = {isa = PBXFileReference; name = "SF-Pro-Display-Light.ttf"; path = "../assets/fonts/SF-Pro-Display-Light.ttf"; sourceTree = "<group>"; fileEncoding = undefined; lastKnownFileType = unknown; explicitFileType = undefined; includeInIndex = 0; };
		239101793D234C989D8F564F /* SF-Pro-Display-LightItalic.ttf */ = {isa = PBXFileReference; name = "SF-Pro-Display-LightItalic.ttf"; path = "../assets/fonts/SF-Pro-Display-LightItalic.ttf"; sourceTree = "<group>"; fileEncoding = undefined; lastKnownFileType = unknown; explicitFileType = undefined; includeInIndex = 0; };
		3EFF6C0B62BE4E38A6CB24C8 /* SF-Pro-Display-Medium.ttf */ = {isa = PBXFileReference; name = "SF-Pro-Display-Medium.ttf"; path = "../assets/fonts/SF-Pro-Display-Medium.ttf"; sourceTree = "<group>"; fileEncoding = undefined; lastKnownFileType = unknown; explicitFileType = undefined; includeInIndex = 0; };
		F937CB714CBE4B658164FF3E /* SF-Pro-Display-MediumItalic.ttf */ = {isa = PBXFileReference; name = "SF-Pro-Display-MediumItalic.ttf"; path = "../assets/fonts/SF-Pro-Display-MediumItalic.ttf"; sourceTree = "<group>"; fileEncoding = undefined; lastKnownFileType = unknown; explicitFileType = undefined; includeInIndex = 0; };
		A89A54C6C156441AA469969A /* SF-Pro-Display-Regular.ttf */ = {isa = PBXFileReference; name = "SF-Pro-Display-Regular.ttf"; path = "../assets/fonts/SF-Pro-Display-Regular.ttf"; sourceTree = "<group>"; fileEncoding = undefined; lastKnownFileType = unknown; explicitFileType = undefined; includeInIndex = 0; };
		633BFD114FA44A6BB4A6F1CC /* SF-Pro-Display-Semibold.ttf */ = {isa = PBXFileReference; name = "SF-Pro-Display-Semibold.ttf"; path = "../assets/fonts/SF-Pro-Display-Semibold.ttf"; sourceTree = "<group>"; fileEncoding = undefined; lastKnownFileType = unknown; explicitFileType = undefined; includeInIndex = 0; };
		9F4E9CF9EA944C54B08D22CD /* SF-Pro-Display-SemiboldItalic.ttf */ = {isa = PBXFileReference; name = "SF-Pro-Display-SemiboldItalic.ttf"; path = "../assets/fonts/SF-Pro-Display-SemiboldItalic.ttf"; sourceTree = "<group>"; fileEncoding = undefined; lastKnownFileType = unknown; explicitFileType = undefined; includeInIndex = 0; };
		DC833C45315E4504A9611C86 /* SF-Pro-Display-Thin.ttf */ = {isa = PBXFileReference; name = "SF-Pro-Display-Thin.ttf"; path = "../assets/fonts/SF-Pro-Display-Thin.ttf"; sourceTree = "<group>"; fileEncoding = undefined; lastKnownFileType = unknown; explicitFileType = undefined; includeInIndex = 0; };
		33CFEAC1160D4816B275EF74 /* SF-Pro-Display-ThinItalic.ttf */ = {isa = PBXFileReference; name = "SF-Pro-Display-ThinItalic.ttf"; path = "../assets/fonts/SF-Pro-Display-ThinItalic.ttf"; sourceTree = "<group>"; fileEncoding = undefined; lastKnownFileType = unknown; explicitFileType = undefined; includeInIndex = 0; };
		FA8AD8BF51DE440FB0C27251 /* SF-Pro-Display-Ultralight.ttf */ = {isa = PBXFileReference; name = "SF-Pro-Display-Ultralight.ttf"; path = "../assets/fonts/SF-Pro-Display-Ultralight.ttf"; sourceTree = "<group>"; fileEncoding = undefined; lastKnownFileType = unknown; explicitFileType = undefined; includeInIndex = 0; };
		3FA1AAE0D56B4FE9BC6B2E59 /* SF-Pro-Display-UltralightItalic.ttf */ = {isa = PBXFileReference; name = "SF-Pro-Display-UltralightItalic.ttf"; path = "../assets/fonts/SF-Pro-Display-UltralightItalic.ttf"; sourceTree = "<group>"; fileEncoding = undefined; lastKnownFileType = unknown; explicitFileType = undefined; includeInIndex = 0; };
		3D1E0F18E73E462A89973120 /* sf-pro-text-bold.ttf */ = {isa = PBXFileReference; name = "sf-pro-text-bold.ttf"; path = "../assets/fonts/sf-pro-text-bold.ttf"; sourceTree = "<group>"; fileEncoding = undefined; lastKnownFileType = unknown; explicitFileType = undefined; includeInIndex = 0; };
		9C744BD4F23041AC91C1550C /* SF-Pro-Text-BoldItalic.ttf */ = {isa = PBXFileReference; name = "SF-Pro-Text-BoldItalic.ttf"; path = "../assets/fonts/SF-Pro-Text-BoldItalic.ttf"; sourceTree = "<group>"; fileEncoding = undefined; lastKnownFileType = unknown; explicitFileType = undefined; includeInIndex = 0; };
		6E11A872AA784C089330D030 /* sf-pro-text-heavy.ttf */ = {isa = PBXFileReference; name = "sf-pro-text-heavy.ttf"; path = "../assets/fonts/sf-pro-text-heavy.ttf"; sourceTree = "<group>"; fileEncoding = undefined; lastKnownFileType = unknown; explicitFileType = undefined; includeInIndex = 0; };
		0EE309EF529F4FF6B6BE6DB5 /* SF-Pro-Text-HeavyItalic.ttf */ = {isa = PBXFileReference; name = "SF-Pro-Text-HeavyItalic.ttf"; path = "../assets/fonts/SF-Pro-Text-HeavyItalic.ttf"; sourceTree = "<group>"; fileEncoding = undefined; lastKnownFileType = unknown; explicitFileType = undefined; includeInIndex = 0; };
		215C7D5DECD4444AA8650104 /* sf-pro-text-light.ttf */ = {isa = PBXFileReference; name = "sf-pro-text-light.ttf"; path = "../assets/fonts/sf-pro-text-light.ttf"; sourceTree = "<group>"; fileEncoding = undefined; lastKnownFileType = unknown; explicitFileType = undefined; includeInIndex = 0; };
		50D6E02D42404052925C367D /* SF-Pro-Text-LightItalic.ttf */ = {isa = PBXFileReference; name = "SF-Pro-Text-LightItalic.ttf"; path = "../assets/fonts/SF-Pro-Text-LightItalic.ttf"; sourceTree = "<group>"; fileEncoding = undefined; lastKnownFileType = unknown; explicitFileType = undefined; includeInIndex = 0; };
		9F8B67BA80904A3B8C93E6EB /* sf-pro-text-medium.ttf */ = {isa = PBXFileReference; name = "sf-pro-text-medium.ttf"; path = "../assets/fonts/sf-pro-text-medium.ttf"; sourceTree = "<group>"; fileEncoding = undefined; lastKnownFileType = unknown; explicitFileType = undefined; includeInIndex = 0; };
		1570FBFA80ED45F7B3195144 /* SF-Pro-Text-MediumItalic.ttf */ = {isa = PBXFileReference; name = "SF-Pro-Text-MediumItalic.ttf"; path = "../assets/fonts/SF-Pro-Text-MediumItalic.ttf"; sourceTree = "<group>"; fileEncoding = undefined; lastKnownFileType = unknown; explicitFileType = undefined; includeInIndex = 0; };
		70A032AE4D2743C68F13E86E /* sf-pro-text-regular.ttf */ = {isa = PBXFileReference; name = "sf-pro-text-regular.ttf"; path = "../assets/fonts/sf-pro-text-regular.ttf"; sourceTree = "<group>"; fileEncoding = undefined; lastKnownFileType = unknown; explicitFileType = undefined; includeInIndex = 0; };
		F2AC38B81ABA4D5D952E3D36 /* SF-Pro-Text-RegularItalic.ttf */ = {isa = PBXFileReference; name = "SF-Pro-Text-RegularItalic.ttf"; path = "../assets/fonts/SF-Pro-Text-RegularItalic.ttf"; sourceTree = "<group>"; fileEncoding = undefined; lastKnownFileType = unknown; explicitFileType = undefined; includeInIndex = 0; };
		A7CFB0111470485A809102DE /* sf-pro-text-semibold.ttf */ = {isa = PBXFileReference; name = "sf-pro-text-semibold.ttf"; path = "../assets/fonts/sf-pro-text-semibold.ttf"; sourceTree = "<group>"; fileEncoding = undefined; lastKnownFileType = unknown; explicitFileType = undefined; includeInIndex = 0; };
		629DE84A77E44968B279842E /* SF-Pro-Text-SemiboldItalic.ttf */ = {isa = PBXFileReference; name = "SF-Pro-Text-SemiboldItalic.ttf"; path = "../assets/fonts/SF-Pro-Text-SemiboldItalic.ttf"; sourceTree = "<group>"; fileEncoding = undefined; lastKnownFileType = unknown; explicitFileType = undefined; includeInIndex = 0; };
/* End PBXFileReference section */

/* Begin PBXFrameworksBuildPhase section */
		00E356EB1AD99517003FC87E /* Frameworks */ = {
			isa = PBXFrameworksBuildPhase;
			buildActionMask = 2147483647;
			files = (
				7699B88040F8A987B510C191 /* libPods-IzzyAI-IzzyAITests.a in Frameworks */,
			);
			runOnlyForDeploymentPostprocessing = 0;
		};
		13B07F8C1A680F5B00A75B9A /* Frameworks */ = {
			isa = PBXFrameworksBuildPhase;
			buildActionMask = 2147483647;
			files = (
				0C80B921A6F3F58F76C31292 /* libPods-IzzyAI.a in Frameworks */,
			);
			runOnlyForDeploymentPostprocessing = 0;
		};
/* End PBXFrameworksBuildPhase section */

/* Begin PBXGroup section */
		00E356EF1AD99517003FC87E /* IzzyAITests */ = {
			isa = PBXGroup;
			children = (
				00E356F21AD99517003FC87E /* IzzyAITests.m */,
				00E356F01AD99517003FC87E /* Supporting Files */,
			);
			path = IzzyAITests;
			sourceTree = "<group>";
		};
		00E356F01AD99517003FC87E /* Supporting Files */ = {
			isa = PBXGroup;
			children = (
				00E356F11AD99517003FC87E /* Info.plist */,
			);
			name = "Supporting Files";
			sourceTree = "<group>";
		};
		13B07FAE1A68108700A75B9A /* IzzyAI */ = {
			isa = PBXGroup;
			children = (
				13B07FAF1A68108700A75B9A /* AppDelegate.h */,
				13B07FB01A68108700A75B9A /* AppDelegate.mm */,
				13B07FB51A68108700A75B9A /* Images.xcassets */,
				13B07FB61A68108700A75B9A /* Info.plist */,
				81AB9BB72411601600AC10FF /* LaunchScreen.storyboard */,
				13B07FB71A68108700A75B9A /* main.m */,
			);
			name = IzzyAI;
			sourceTree = "<group>";
		};
		2D16E6871FA4F8E400B85C8A /* Frameworks */ = {
			isa = PBXGroup;
			children = (
				ED297162215061F000B7C4FE /* JavaScriptCore.framework */,
				5DCACB8F33CDC322A6C60F78 /* libPods-IzzyAI.a */,
				19F6CBCC0A4E27FBF8BF4A61 /* libPods-IzzyAI-IzzyAITests.a */,
			);
			name = Frameworks;
			sourceTree = "<group>";
		};
		832341AE1AAA6A7D00B99B32 /* Libraries */ = {
			isa = PBXGroup;
			children = (
			);
			name = Libraries;
			sourceTree = "<group>";
		};
		83CBB9F61A601CBA00E9B192 = {
			isa = PBXGroup;
			children = (
				13B07FAE1A68108700A75B9A /* IzzyAI */,
				832341AE1AAA6A7D00B99B32 /* Libraries */,
				00E356EF1AD99517003FC87E /* IzzyAITests */,
				83CBBA001A601CBA00E9B192 /* Products */,
				2D16E6871FA4F8E400B85C8A /* Frameworks */,
				BBD78D7AC51CEA395F1C20DB /* Pods */,
				893F85340DA148B3AA926635 /* Resources */,
			);
			indentWidth = 2;
			sourceTree = "<group>";
			tabWidth = 2;
			usesTabs = 0;
		};
		83CBBA001A601CBA00E9B192 /* Products */ = {
			isa = PBXGroup;
			children = (
				13B07F961A680F5B00A75B9A /* IzzyAI.app */,
				00E356EE1AD99517003FC87E /* IzzyAITests.xctest */,
			);
			name = Products;
			sourceTree = "<group>";
		};
		BBD78D7AC51CEA395F1C20DB /* Pods */ = {
			isa = PBXGroup;
			children = (
				3B4392A12AC88292D35C810B /* Pods-IzzyAI.debug.xcconfig */,
				5709B34CF0A7D63546082F79 /* Pods-IzzyAI.release.xcconfig */,
				5B7EB9410499542E8C5724F5 /* Pods-IzzyAI-IzzyAITests.debug.xcconfig */,
				89C6BE57DB24E9ADA2F236DE /* Pods-IzzyAI-IzzyAITests.release.xcconfig */,
			);
			path = Pods;
			sourceTree = "<group>";
		};
		893F85340DA148B3AA926635 /* Resources */ = {
			isa = "PBXGroup";
			children = (
				CB916EC7D6B14B6AB68AED2C /* SF-Pro-Text-SemiboldItalic.otf */,
				0E8B9CFCB4644A158E8AA06D /* SF-Pro-Display-Black.ttf */,
				F3906068684445C28B939D50 /* SF-Pro-Display-BlackItalic.ttf */,
				F3EEF7C711294406812462C1 /* SF-Pro-Display-Bold.ttf */,
				79EF227582A2419AA5D36A0B /* SF-Pro-Display-BoldItalic.ttf */,
				A239DDCBED6D4EADA62909C1 /* SF-Pro-Display-Heavy.ttf */,
				2C59AD39BA3C4A7AB27E4EE0 /* SF-Pro-Display-HeavyItalic.ttf */,
				86BE273024D4408581FB1549 /* SF-Pro-Display-Light.ttf */,
				239101793D234C989D8F564F /* SF-Pro-Display-LightItalic.ttf */,
				3EFF6C0B62BE4E38A6CB24C8 /* SF-Pro-Display-Medium.ttf */,
				F937CB714CBE4B658164FF3E /* SF-Pro-Display-MediumItalic.ttf */,
				A89A54C6C156441AA469969A /* SF-Pro-Display-Regular.ttf */,
				633BFD114FA44A6BB4A6F1CC /* SF-Pro-Display-Semibold.ttf */,
				9F4E9CF9EA944C54B08D22CD /* SF-Pro-Display-SemiboldItalic.ttf */,
				DC833C45315E4504A9611C86 /* SF-Pro-Display-Thin.ttf */,
				33CFEAC1160D4816B275EF74 /* SF-Pro-Display-ThinItalic.ttf */,
				FA8AD8BF51DE440FB0C27251 /* SF-Pro-Display-Ultralight.ttf */,
				3FA1AAE0D56B4FE9BC6B2E59 /* SF-Pro-Display-UltralightItalic.ttf */,
				3D1E0F18E73E462A89973120 /* sf-pro-text-bold.ttf */,
				9C744BD4F23041AC91C1550C /* SF-Pro-Text-BoldItalic.ttf */,
				6E11A872AA784C089330D030 /* sf-pro-text-heavy.ttf */,
				0EE309EF529F4FF6B6BE6DB5 /* SF-Pro-Text-HeavyItalic.ttf */,
				215C7D5DECD4444AA8650104 /* sf-pro-text-light.ttf */,
				50D6E02D42404052925C367D /* SF-Pro-Text-LightItalic.ttf */,
				9F8B67BA80904A3B8C93E6EB /* sf-pro-text-medium.ttf */,
				1570FBFA80ED45F7B3195144 /* SF-Pro-Text-MediumItalic.ttf */,
				70A032AE4D2743C68F13E86E /* sf-pro-text-regular.ttf */,
				F2AC38B81ABA4D5D952E3D36 /* SF-Pro-Text-RegularItalic.ttf */,
				A7CFB0111470485A809102DE /* sf-pro-text-semibold.ttf */,
				629DE84A77E44968B279842E /* SF-Pro-Text-SemiboldItalic.ttf */,
			);
			name = Resources;
			sourceTree = "<group>";
			path = "";
		};
/* End PBXGroup section */

/* Begin PBXNativeTarget section */
		00E356ED1AD99517003FC87E /* IzzyAITests */ = {
			isa = PBXNativeTarget;
			buildConfigurationList = 00E357021AD99517003FC87E /* Build configuration list for PBXNativeTarget "IzzyAITests" */;
			buildPhases = (
				A55EABD7B0C7F3A422A6CC61 /* [CP] Check Pods Manifest.lock */,
				00E356EA1AD99517003FC87E /* Sources */,
				00E356EB1AD99517003FC87E /* Frameworks */,
				00E356EC1AD99517003FC87E /* Resources */,
				C59DA0FBD6956966B86A3779 /* [CP] Embed Pods Frameworks */,
				F6A41C54EA430FDDC6A6ED99 /* [CP] Copy Pods Resources */,
			);
			buildRules = (
			);
			dependencies = (
				00E356F51AD99517003FC87E /* PBXTargetDependency */,
			);
			name = IzzyAITests;
			productName = IzzyAITests;
			productReference = 00E356EE1AD99517003FC87E /* IzzyAITests.xctest */;
			productType = "com.apple.product-type.bundle.unit-test";
		};
		13B07F861A680F5B00A75B9A /* IzzyAI */ = {
			isa = PBXNativeTarget;
			buildConfigurationList = 13B07F931A680F5B00A75B9A /* Build configuration list for PBXNativeTarget "IzzyAI" */;
			buildPhases = (
				C38B50BA6285516D6DCD4F65 /* [CP] Check Pods Manifest.lock */,
				13B07F871A680F5B00A75B9A /* Sources */,
				13B07F8C1A680F5B00A75B9A /* Frameworks */,
				13B07F8E1A680F5B00A75B9A /* Resources */,
				00DD1BFF1BD5951E006B06BC /* Bundle React Native code and images */,
				00EEFC60759A1932668264C0 /* [CP] Embed Pods Frameworks */,
				E235C05ADACE081382539298 /* [CP] Copy Pods Resources */,
			);
			buildRules = (
			);
			dependencies = (
			);
			name = IzzyAI;
			productName = IzzyAI;
			productReference = 13B07F961A680F5B00A75B9A /* IzzyAI.app */;
			productType = "com.apple.product-type.application";
		};
/* End PBXNativeTarget section */

/* Begin PBXProject section */
		83CBB9F71A601CBA00E9B192 /* Project object */ = {
			isa = PBXProject;
			attributes = {
				LastUpgradeCheck = 1210;
				TargetAttributes = {
					00E356ED1AD99517003FC87E = {
						CreatedOnToolsVersion = 6.2;
						TestTargetID = 13B07F861A680F5B00A75B9A;
					};
					13B07F861A680F5B00A75B9A = {
						LastSwiftMigration = 1120;
					};
				};
			};
			buildConfigurationList = 83CBB9FA1A601CBA00E9B192 /* Build configuration list for PBXProject "IzzyAI" */;
			compatibilityVersion = "Xcode 12.0";
			developmentRegion = en;
			hasScannedForEncodings = 0;
			knownRegions = (
				en,
				Base,
			);
			mainGroup = 83CBB9F61A601CBA00E9B192;
			productRefGroup = 83CBBA001A601CBA00E9B192 /* Products */;
			projectDirPath = "";
			projectRoot = "";
			targets = (
				13B07F861A680F5B00A75B9A /* IzzyAI */,
				00E356ED1AD99517003FC87E /* IzzyAITests */,
			);
		};
/* End PBXProject section */

/* Begin PBXResourcesBuildPhase section */
		00E356EC1AD99517003FC87E /* Resources */ = {
			isa = PBXResourcesBuildPhase;
			buildActionMask = 2147483647;
			files = (
			);
			runOnlyForDeploymentPostprocessing = 0;
		};
		13B07F8E1A680F5B00A75B9A /* Resources */ = {
			isa = PBXResourcesBuildPhase;
			buildActionMask = 2147483647;
			files = (
				81AB9BB82411601600AC10FF /* LaunchScreen.storyboard in Resources */,
				13B07FBF1A68108700A75B9A /* Images.xcassets in Resources */,
				C47DCC046D5A4810AC4F42B4 /* SF-Pro-Text-SemiboldItalic.otf in Resources */,
				2B6CADEA0F6045F9B88A2305 /* SF-Pro-Display-Black.ttf in Resources */,
				3083920F849D4A64B4A9C96F /* SF-Pro-Display-BlackItalic.ttf in Resources */,
				993FA17CA32E45268328A93C /* SF-Pro-Display-Bold.ttf in Resources */,
				E641AD79853441F2BFBAD693 /* SF-Pro-Display-BoldItalic.ttf in Resources */,
				BC30CFC669BD4A44959A6602 /* SF-Pro-Display-Heavy.ttf in Resources */,
				63685F7411184BC9B87557BD /* SF-Pro-Display-HeavyItalic.ttf in Resources */,
				D18DD7A572F84DBE92B12F4D /* SF-Pro-Display-Light.ttf in Resources */,
				06823ADC59C542CF9A7BAA22 /* SF-Pro-Display-LightItalic.ttf in Resources */,
				B9E19EBA10BB45AEADA6E563 /* SF-Pro-Display-Medium.ttf in Resources */,
				B33D3656F02D47779780CB6B /* SF-Pro-Display-MediumItalic.ttf in Resources */,
				4C20882C31F64DC98F378A75 /* SF-Pro-Display-Regular.ttf in Resources */,
				081AD6E157E64A24AE4B47A6 /* SF-Pro-Display-Semibold.ttf in Resources */,
				6ED8CCFF153949DEA042882E /* SF-Pro-Display-SemiboldItalic.ttf in Resources */,
				9CA79121C89B4C1BB7928F27 /* SF-Pro-Display-Thin.ttf in Resources */,
				9B14D34E650E4BFABCE096F5 /* SF-Pro-Display-ThinItalic.ttf in Resources */,
				F9A8B0F57D5746108557018C /* SF-Pro-Display-Ultralight.ttf in Resources */,
				3A86EF5B228F4308A8D9495A /* SF-Pro-Display-UltralightItalic.ttf in Resources */,
				2FECF6760FF641D1AC296E3F /* sf-pro-text-bold.ttf in Resources */,
				F0F2EE2B61104361BA1471EC /* SF-Pro-Text-BoldItalic.ttf in Resources */,
				25F25559C55247549ECD1AD5 /* sf-pro-text-heavy.ttf in Resources */,
				8F5FF8D6D2B344E6ABD4AEDA /* SF-Pro-Text-HeavyItalic.ttf in Resources */,
				8D55BBB73BA74889B7CBAD60 /* sf-pro-text-light.ttf in Resources */,
				2C50F32214FC4EB0B8077469 /* SF-Pro-Text-LightItalic.ttf in Resources */,
				28E3F9CCA64844BFA00DF17E /* sf-pro-text-medium.ttf in Resources */,
				31B386DA51134116B459054D /* SF-Pro-Text-MediumItalic.ttf in Resources */,
				CD902C988FCD43B99D3E4137 /* sf-pro-text-regular.ttf in Resources */,
				1AC0F8982CFF42339989A328 /* SF-Pro-Text-RegularItalic.ttf in Resources */,
				E4777024E2F4406783564895 /* sf-pro-text-semibold.ttf in Resources */,
				76A2D6026EC24719B9D24A2D /* SF-Pro-Text-SemiboldItalic.ttf in Resources */,
			);
			runOnlyForDeploymentPostprocessing = 0;
		};
/* End PBXResourcesBuildPhase section */

/* Begin PBXShellScriptBuildPhase section */
		00DD1BFF1BD5951E006B06BC /* Bundle React Native code and images */ = {
			isa = PBXShellScriptBuildPhase;
			buildActionMask = 2147483647;
			files = (
			);
			inputPaths = (
				"$(SRCROOT)/.xcode.env.local",
				"$(SRCROOT)/.xcode.env",
			);
			name = "Bundle React Native code and images";
			outputPaths = (
			);
			runOnlyForDeploymentPostprocessing = 0;
			shellPath = /bin/sh;
			shellScript = "set -e\n\nWITH_ENVIRONMENT=\"../node_modules/react-native/scripts/xcode/with-environment.sh\"\nREACT_NATIVE_XCODE=\"../node_modules/react-native/scripts/react-native-xcode.sh\"\n\n/bin/sh -c \"$WITH_ENVIRONMENT $REACT_NATIVE_XCODE\"\n";
		};
		00EEFC60759A1932668264C0 /* [CP] Embed Pods Frameworks */ = {
			isa = PBXShellScriptBuildPhase;
			buildActionMask = 2147483647;
			files = (
			);
			inputFileListPaths = (
				"${PODS_ROOT}/Target Support Files/Pods-IzzyAI/Pods-IzzyAI-frameworks-${CONFIGURATION}-input-files.xcfilelist",
			);
			name = "[CP] Embed Pods Frameworks";
			outputFileListPaths = (
				"${PODS_ROOT}/Target Support Files/Pods-IzzyAI/Pods-IzzyAI-frameworks-${CONFIGURATION}-output-files.xcfilelist",
			);
			runOnlyForDeploymentPostprocessing = 0;
			shellPath = /bin/sh;
			shellScript = "\"${PODS_ROOT}/Target Support Files/Pods-IzzyAI/Pods-IzzyAI-frameworks.sh\"\n";
			showEnvVarsInLog = 0;
		};
		A55EABD7B0C7F3A422A6CC61 /* [CP] Check Pods Manifest.lock */ = {
			isa = PBXShellScriptBuildPhase;
			buildActionMask = 2147483647;
			files = (
			);
			inputFileListPaths = (
			);
			inputPaths = (
				"${PODS_PODFILE_DIR_PATH}/Podfile.lock",
				"${PODS_ROOT}/Manifest.lock",
			);
			name = "[CP] Check Pods Manifest.lock";
			outputFileListPaths = (
			);
			outputPaths = (
				"$(DERIVED_FILE_DIR)/Pods-IzzyAI-IzzyAITests-checkManifestLockResult.txt",
			);
			runOnlyForDeploymentPostprocessing = 0;
			shellPath = /bin/sh;
			shellScript = "diff \"${PODS_PODFILE_DIR_PATH}/Podfile.lock\" \"${PODS_ROOT}/Manifest.lock\" > /dev/null\nif [ $? != 0 ] ; then\n    # print error to STDERR\n    echo \"error: The sandbox is not in sync with the Podfile.lock. Run 'pod install' or update your CocoaPods installation.\" >&2\n    exit 1\nfi\n# This output is used by Xcode 'outputs' to avoid re-running this script phase.\necho \"SUCCESS\" > \"${SCRIPT_OUTPUT_FILE_0}\"\n";
			showEnvVarsInLog = 0;
		};
		C38B50BA6285516D6DCD4F65 /* [CP] Check Pods Manifest.lock */ = {
			isa = PBXShellScriptBuildPhase;
			buildActionMask = 2147483647;
			files = (
			);
			inputFileListPaths = (
			);
			inputPaths = (
				"${PODS_PODFILE_DIR_PATH}/Podfile.lock",
				"${PODS_ROOT}/Manifest.lock",
			);
			name = "[CP] Check Pods Manifest.lock";
			outputFileListPaths = (
			);
			outputPaths = (
				"$(DERIVED_FILE_DIR)/Pods-IzzyAI-checkManifestLockResult.txt",
			);
			runOnlyForDeploymentPostprocessing = 0;
			shellPath = /bin/sh;
			shellScript = "diff \"${PODS_PODFILE_DIR_PATH}/Podfile.lock\" \"${PODS_ROOT}/Manifest.lock\" > /dev/null\nif [ $? != 0 ] ; then\n    # print error to STDERR\n    echo \"error: The sandbox is not in sync with the Podfile.lock. Run 'pod install' or update your CocoaPods installation.\" >&2\n    exit 1\nfi\n# This output is used by Xcode 'outputs' to avoid re-running this script phase.\necho \"SUCCESS\" > \"${SCRIPT_OUTPUT_FILE_0}\"\n";
			showEnvVarsInLog = 0;
		};
		C59DA0FBD6956966B86A3779 /* [CP] Embed Pods Frameworks */ = {
			isa = PBXShellScriptBuildPhase;
			buildActionMask = 2147483647;
			files = (
			);
			inputFileListPaths = (
				"${PODS_ROOT}/Target Support Files/Pods-IzzyAI-IzzyAITests/Pods-IzzyAI-IzzyAITests-frameworks-${CONFIGURATION}-input-files.xcfilelist",
			);
			name = "[CP] Embed Pods Frameworks";
			outputFileListPaths = (
				"${PODS_ROOT}/Target Support Files/Pods-IzzyAI-IzzyAITests/Pods-IzzyAI-IzzyAITests-frameworks-${CONFIGURATION}-output-files.xcfilelist",
			);
			runOnlyForDeploymentPostprocessing = 0;
			shellPath = /bin/sh;
			shellScript = "\"${PODS_ROOT}/Target Support Files/Pods-IzzyAI-IzzyAITests/Pods-IzzyAI-IzzyAITests-frameworks.sh\"\n";
			showEnvVarsInLog = 0;
		};
		E235C05ADACE081382539298 /* [CP] Copy Pods Resources */ = {
			isa = PBXShellScriptBuildPhase;
			buildActionMask = 2147483647;
			files = (
			);
			inputFileListPaths = (
				"${PODS_ROOT}/Target Support Files/Pods-IzzyAI/Pods-IzzyAI-resources-${CONFIGURATION}-input-files.xcfilelist",
			);
			name = "[CP] Copy Pods Resources";
			outputFileListPaths = (
				"${PODS_ROOT}/Target Support Files/Pods-IzzyAI/Pods-IzzyAI-resources-${CONFIGURATION}-output-files.xcfilelist",
			);
			runOnlyForDeploymentPostprocessing = 0;
			shellPath = /bin/sh;
			shellScript = "\"${PODS_ROOT}/Target Support Files/Pods-IzzyAI/Pods-IzzyAI-resources.sh\"\n";
			showEnvVarsInLog = 0;
		};
		F6A41C54EA430FDDC6A6ED99 /* [CP] Copy Pods Resources */ = {
			isa = PBXShellScriptBuildPhase;
			buildActionMask = 2147483647;
			files = (
			);
			inputFileListPaths = (
				"${PODS_ROOT}/Target Support Files/Pods-IzzyAI-IzzyAITests/Pods-IzzyAI-IzzyAITests-resources-${CONFIGURATION}-input-files.xcfilelist",
			);
			name = "[CP] Copy Pods Resources";
			outputFileListPaths = (
				"${PODS_ROOT}/Target Support Files/Pods-IzzyAI-IzzyAITests/Pods-IzzyAI-IzzyAITests-resources-${CONFIGURATION}-output-files.xcfilelist",
			);
			runOnlyForDeploymentPostprocessing = 0;
			shellPath = /bin/sh;
			shellScript = "\"${PODS_ROOT}/Target Support Files/Pods-IzzyAI-IzzyAITests/Pods-IzzyAI-IzzyAITests-resources.sh\"\n";
			showEnvVarsInLog = 0;
		};
/* End PBXShellScriptBuildPhase section */

/* Begin PBXSourcesBuildPhase section */
		00E356EA1AD99517003FC87E /* Sources */ = {
			isa = PBXSourcesBuildPhase;
			buildActionMask = 2147483647;
			files = (
				00E356F31AD99517003FC87E /* IzzyAITests.m in Sources */,
			);
			runOnlyForDeploymentPostprocessing = 0;
		};
		13B07F871A680F5B00A75B9A /* Sources */ = {
			isa = PBXSourcesBuildPhase;
			buildActionMask = 2147483647;
			files = (
				13B07FBC1A68108700A75B9A /* AppDelegate.mm in Sources */,
				13B07FC11A68108700A75B9A /* main.m in Sources */,
			);
			runOnlyForDeploymentPostprocessing = 0;
		};
/* End PBXSourcesBuildPhase section */

/* Begin PBXTargetDependency section */
		00E356F51AD99517003FC87E /* PBXTargetDependency */ = {
			isa = PBXTargetDependency;
			target = 13B07F861A680F5B00A75B9A /* IzzyAI */;
			targetProxy = 00E356F41AD99517003FC87E /* PBXContainerItemProxy */;
		};
/* End PBXTargetDependency section */

/* Begin XCBuildConfiguration section */
		00E356F61AD99517003FC87E /* Debug */ = {
			isa = XCBuildConfiguration;
			baseConfigurationReference = 5B7EB9410499542E8C5724F5 /* Pods-IzzyAI-IzzyAITests.debug.xcconfig */;
			buildSettings = {
				BUNDLE_LOADER = "$(TEST_HOST)";
				GCC_PREPROCESSOR_DEFINITIONS = (
					"DEBUG=1",
					"$(inherited)",
				);
				INFOPLIST_FILE = IzzyAITests/Info.plist;
				IPHONEOS_DEPLOYMENT_TARGET = 13.4;
				LD_RUNPATH_SEARCH_PATHS = (
					"$(inherited)",
					"@executable_path/Frameworks",
					"@loader_path/Frameworks",
				);
				OTHER_LDFLAGS = (
					"-ObjC",
					"-lc++",
					"$(inherited)",
				);
				PRODUCT_BUNDLE_IDENTIFIER = "org.reactjs.native.example.$(PRODUCT_NAME:rfc1034identifier)";
				PRODUCT_NAME = "$(TARGET_NAME)";
				TEST_HOST = "$(BUILT_PRODUCTS_DIR)/IzzyAI.app/IzzyAI";
			};
			name = Debug;
		};
		00E356F71AD99517003FC87E /* Release */ = {
			isa = XCBuildConfiguration;
			baseConfigurationReference = 89C6BE57DB24E9ADA2F236DE /* Pods-IzzyAI-IzzyAITests.release.xcconfig */;
			buildSettings = {
				BUNDLE_LOADER = "$(TEST_HOST)";
				COPY_PHASE_STRIP = NO;
				INFOPLIST_FILE = IzzyAITests/Info.plist;
				IPHONEOS_DEPLOYMENT_TARGET = 13.4;
				LD_RUNPATH_SEARCH_PATHS = (
					"$(inherited)",
					"@executable_path/Frameworks",
					"@loader_path/Frameworks",
				);
				OTHER_LDFLAGS = (
					"-ObjC",
					"-lc++",
					"$(inherited)",
				);
				PRODUCT_BUNDLE_IDENTIFIER = "org.reactjs.native.example.$(PRODUCT_NAME:rfc1034identifier)";
				PRODUCT_NAME = "$(TARGET_NAME)";
				TEST_HOST = "$(BUILT_PRODUCTS_DIR)/IzzyAI.app/IzzyAI";
			};
			name = Release;
		};
		13B07F941A680F5B00A75B9A /* Debug */ = {
			isa = XCBuildConfiguration;
			baseConfigurationReference = 3B4392A12AC88292D35C810B /* Pods-IzzyAI.debug.xcconfig */;
			buildSettings = {
				ASSETCATALOG_COMPILER_APPICON_NAME = AppIcon;
				CLANG_ENABLE_MODULES = YES;
				CURRENT_PROJECT_VERSION = 1;
				ENABLE_BITCODE = NO;
				INFOPLIST_FILE = IzzyAI/Info.plist;
				LD_RUNPATH_SEARCH_PATHS = (
					"$(inherited)",
					"@executable_path/Frameworks",
				);
				MARKETING_VERSION = 1.0;
				OTHER_LDFLAGS = (
					"$(inherited)",
					"-ObjC",
					"-lc++",
				);
				PRODUCT_BUNDLE_IDENTIFIER = "org.reactjs.native.example.$(PRODUCT_NAME:rfc1034identifier)";
				PRODUCT_NAME = IzzyAI;
				SWIFT_OPTIMIZATION_LEVEL = "-Onone";
				SWIFT_VERSION = 5.0;
				VERSIONING_SYSTEM = "apple-generic";
			};
			name = Debug;
		};
		13B07F951A680F5B00A75B9A /* Release */ = {
			isa = XCBuildConfiguration;
			baseConfigurationReference = 5709B34CF0A7D63546082F79 /* Pods-IzzyAI.release.xcconfig */;
			buildSettings = {
				ASSETCATALOG_COMPILER_APPICON_NAME = AppIcon;
				CLANG_ENABLE_MODULES = YES;
				CURRENT_PROJECT_VERSION = 1;
				INFOPLIST_FILE = IzzyAI/Info.plist;
				LD_RUNPATH_SEARCH_PATHS = (
					"$(inherited)",
					"@executable_path/Frameworks",
				);
				MARKETING_VERSION = 1.0;
				OTHER_LDFLAGS = (
					"$(inherited)",
					"-ObjC",
					"-lc++",
				);
				PRODUCT_BUNDLE_IDENTIFIER = "org.reactjs.native.example.$(PRODUCT_NAME:rfc1034identifier)";
				PRODUCT_NAME = IzzyAI;
				SWIFT_VERSION = 5.0;
				VERSIONING_SYSTEM = "apple-generic";
			};
			name = Release;
		};
		83CBBA201A601CBA00E9B192 /* Debug */ = {
			isa = XCBuildConfiguration;
			buildSettings = {
				ALWAYS_SEARCH_USER_PATHS = NO;
				CLANG_ANALYZER_LOCALIZABILITY_NONLOCALIZED = YES;
				CLANG_CXX_LANGUAGE_STANDARD = "c++20";
				CLANG_CXX_LIBRARY = "libc++";
				CLANG_ENABLE_MODULES = YES;
				CLANG_ENABLE_OBJC_ARC = YES;
				CLANG_WARN_BLOCK_CAPTURE_AUTORELEASING = YES;
				CLANG_WARN_BOOL_CONVERSION = YES;
				CLANG_WARN_COMMA = YES;
				CLANG_WARN_CONSTANT_CONVERSION = YES;
				CLANG_WARN_DEPRECATED_OBJC_IMPLEMENTATIONS = YES;
				CLANG_WARN_DIRECT_OBJC_ISA_USAGE = YES_ERROR;
				CLANG_WARN_EMPTY_BODY = YES;
				CLANG_WARN_ENUM_CONVERSION = YES;
				CLANG_WARN_INFINITE_RECURSION = YES;
				CLANG_WARN_INT_CONVERSION = YES;
				CLANG_WARN_NON_LITERAL_NULL_CONVERSION = YES;
				CLANG_WARN_OBJC_IMPLICIT_RETAIN_SELF = YES;
				CLANG_WARN_OBJC_LITERAL_CONVERSION = YES;
				CLANG_WARN_OBJC_ROOT_CLASS = YES_ERROR;
				CLANG_WARN_QUOTED_INCLUDE_IN_FRAMEWORK_HEADER = YES;
				CLANG_WARN_RANGE_LOOP_ANALYSIS = YES;
				CLANG_WARN_STRICT_PROTOTYPES = YES;
				CLANG_WARN_SUSPICIOUS_MOVE = YES;
				CLANG_WARN_UNREACHABLE_CODE = YES;
				CLANG_WARN__DUPLICATE_METHOD_MATCH = YES;
				"CODE_SIGN_IDENTITY[sdk=iphoneos*]" = "iPhone Developer";
				COPY_PHASE_STRIP = NO;
				ENABLE_STRICT_OBJC_MSGSEND = YES;
				ENABLE_TESTABILITY = YES;
				"EXCLUDED_ARCHS[sdk=iphonesimulator*]" = "";
				GCC_C_LANGUAGE_STANDARD = gnu99;
				GCC_DYNAMIC_NO_PIC = NO;
				GCC_NO_COMMON_BLOCKS = YES;
				GCC_OPTIMIZATION_LEVEL = 0;
				GCC_PREPROCESSOR_DEFINITIONS = (
					"DEBUG=1",
					"$(inherited)",
				);
				GCC_SYMBOLS_PRIVATE_EXTERN = NO;
				GCC_WARN_64_TO_32_BIT_CONVERSION = YES;
				GCC_WARN_ABOUT_RETURN_TYPE = YES_ERROR;
				GCC_WARN_UNDECLARED_SELECTOR = YES;
				GCC_WARN_UNINITIALIZED_AUTOS = YES_AGGRESSIVE;
				GCC_WARN_UNUSED_FUNCTION = YES;
				GCC_WARN_UNUSED_VARIABLE = YES;
				IPHONEOS_DEPLOYMENT_TARGET = 13.4;
				LD_RUNPATH_SEARCH_PATHS = (
					/usr/lib/swift,
					"$(inherited)",
				);
				LIBRARY_SEARCH_PATHS = (
					"\"$(SDKROOT)/usr/lib/swift\"",
					"\"$(TOOLCHAIN_DIR)/usr/lib/swift/$(PLATFORM_NAME)\"",
					"\"$(inherited)\"",
				);
				MTL_ENABLE_DEBUG_INFO = YES;
				ONLY_ACTIVE_ARCH = YES;
				OTHER_CPLUSPLUSFLAGS = (
					"$(OTHER_CFLAGS)",
					"-DFOLLY_NO_CONFIG",
					"-DFOLLY_MOBILE=1",
					"-DFOLLY_USE_LIBCPP=1",
					"-DFOLLY_CFG_NO_COROUTINES=1",
				);
				SDKROOT = iphoneos;
			};
			name = Debug;
		};
		83CBBA211A601CBA00E9B192 /* Release */ = {
			isa = XCBuildConfiguration;
			buildSettings = {
				ALWAYS_SEARCH_USER_PATHS = NO;
				CLANG_ANALYZER_LOCALIZABILITY_NONLOCALIZED = YES;
				CLANG_CXX_LANGUAGE_STANDARD = "c++20";
				CLANG_CXX_LIBRARY = "libc++";
				CLANG_ENABLE_MODULES = YES;
				CLANG_ENABLE_OBJC_ARC = YES;
				CLANG_WARN_BLOCK_CAPTURE_AUTORELEASING = YES;
				CLANG_WARN_BOOL_CONVERSION = YES;
				CLANG_WARN_COMMA = YES;
				CLANG_WARN_CONSTANT_CONVERSION = YES;
				CLANG_WARN_DEPRECATED_OBJC_IMPLEMENTATIONS = YES;
				CLANG_WARN_DIRECT_OBJC_ISA_USAGE = YES_ERROR;
				CLANG_WARN_EMPTY_BODY = YES;
				CLANG_WARN_ENUM_CONVERSION = YES;
				CLANG_WARN_INFINITE_RECURSION = YES;
				CLANG_WARN_INT_CONVERSION = YES;
				CLANG_WARN_NON_LITERAL_NULL_CONVERSION = YES;
				CLANG_WARN_OBJC_IMPLICIT_RETAIN_SELF = YES;
				CLANG_WARN_OBJC_LITERAL_CONVERSION = YES;
				CLANG_WARN_OBJC_ROOT_CLASS = YES_ERROR;
				CLANG_WARN_QUOTED_INCLUDE_IN_FRAMEWORK_HEADER = YES;
				CLANG_WARN_RANGE_LOOP_ANALYSIS = YES;
				CLANG_WARN_STRICT_PROTOTYPES = YES;
				CLANG_WARN_SUSPICIOUS_MOVE = YES;
				CLANG_WARN_UNREACHABLE_CODE = YES;
				CLANG_WARN__DUPLICATE_METHOD_MATCH = YES;
				"CODE_SIGN_IDENTITY[sdk=iphoneos*]" = "iPhone Developer";
				COPY_PHASE_STRIP = YES;
				ENABLE_NS_ASSERTIONS = NO;
				ENABLE_STRICT_OBJC_MSGSEND = YES;
				"EXCLUDED_ARCHS[sdk=iphonesimulator*]" = "";
				GCC_C_LANGUAGE_STANDARD = gnu99;
				GCC_NO_COMMON_BLOCKS = YES;
				GCC_WARN_64_TO_32_BIT_CONVERSION = YES;
				GCC_WARN_ABOUT_RETURN_TYPE = YES_ERROR;
				GCC_WARN_UNDECLARED_SELECTOR = YES;
				GCC_WARN_UNINITIALIZED_AUTOS = YES_AGGRESSIVE;
				GCC_WARN_UNUSED_FUNCTION = YES;
				GCC_WARN_UNUSED_VARIABLE = YES;
				IPHONEOS_DEPLOYMENT_TARGET = 13.4;
				LD_RUNPATH_SEARCH_PATHS = (
					/usr/lib/swift,
					"$(inherited)",
				);
				LIBRARY_SEARCH_PATHS = (
					"\"$(SDKROOT)/usr/lib/swift\"",
					"\"$(TOOLCHAIN_DIR)/usr/lib/swift/$(PLATFORM_NAME)\"",
					"\"$(inherited)\"",
				);
				MTL_ENABLE_DEBUG_INFO = NO;
				OTHER_CPLUSPLUSFLAGS = (
					"$(OTHER_CFLAGS)",
					"-DFOLLY_NO_CONFIG",
					"-DFOLLY_MOBILE=1",
					"-DFOLLY_USE_LIBCPP=1",
					"-DFOLLY_CFG_NO_COROUTINES=1",
				);
				SDKROOT = iphoneos;
				VALIDATE_PRODUCT = YES;
			};
			name = Release;
		};
/* End XCBuildConfiguration section */

/* Begin XCConfigurationList section */
		00E357021AD99517003FC87E /* Build configuration list for PBXNativeTarget "IzzyAITests" */ = {
			isa = XCConfigurationList;
			buildConfigurations = (
				00E356F61AD99517003FC87E /* Debug */,
				00E356F71AD99517003FC87E /* Release */,
			);
			defaultConfigurationIsVisible = 0;
			defaultConfigurationName = Release;
		};
		13B07F931A680F5B00A75B9A /* Build configuration list for PBXNativeTarget "IzzyAI" */ = {
			isa = XCConfigurationList;
			buildConfigurations = (
				13B07F941A680F5B00A75B9A /* Debug */,
				13B07F951A680F5B00A75B9A /* Release */,
			);
			defaultConfigurationIsVisible = 0;
			defaultConfigurationName = Release;
		};
		83CBB9FA1A601CBA00E9B192 /* Build configuration list for PBXProject "IzzyAI" */ = {
			isa = XCConfigurationList;
			buildConfigurations = (
				83CBBA201A601CBA00E9B192 /* Debug */,
				83CBBA211A601CBA00E9B192 /* Release */,
			);
			defaultConfigurationIsVisible = 0;
			defaultConfigurationName = Release;
		};
/* End XCConfigurationList section */
	};
	rootObject = 83CBB9F71A601CBA00E9B192 /* Project object */;
}
